<Solution>
  <Folder Name="/pax.schafkopf/" />
  <Folder Name="/pax.schafkopf/Client/">
    <Project Path="pax.schafkopf/Client/pax.schafkopf.Client.csproj" />
  </Folder>
  <Folder Name="/pax.schafkopf/Server/">
    <Project Path="pax.schafkopf/Server/pax.schafkopf.Server.csproj" />
  </Folder>
  <Folder Name="/pax.schafkopf/Shared/">
    <Project Path="pax.schafkopf/Shared/pax.schafkopf.Shared.csproj" />
  </Folder>
  <Project Path="pax.schafkopf.lib/pax.schafkopf.lib.csproj" />
</Solution>
